
Microsoft Visual Studio Solution File, Format Version 12.00
# Visual Studio Version 17
VisualStudioVersion = 17.11.35327.3
MinimumVisualStudioVersion = 10.0.40219.1
Project("{FAE04EC0-301F-11D3-BF4B-00C04F79EFBC}") = "KerimAhmedNourEldienSoleman_CarClass_11_11_2024", "KerimAhmedNourEldienSoleman_CarClass_11_11_2024\KerimAhmedNourEldienSoleman_CarClass_11_11_2024.csproj", "{1A226A69-70A7-4303-9662-5518CFFEE990}"
EndProject
Global
	GlobalSection(SolutionConfigurationPlatforms) = preSolution
		Debug|Any CPU = Debug|Any CPU
		Release|Any CPU = Release|Any CPU
	EndGlobalSection
	GlobalSection(ProjectConfigurationPlatforms) = postSolution
		{1A226A69-70A7-4303-9662-5518CFFEE990}.Debug|Any CPU.ActiveCfg = Debug|Any CPU
		{1A226A69-70A7-4303-9662-5518CFFEE990}.Debug|Any CPU.Build.0 = Debug|Any CPU
		{1A226A69-70A7-4303-9662-5518CFFEE990}.Release|Any CPU.ActiveCfg = Release|Any CPU
		{1A226A69-70A7-4303-9662-5518CFFEE990}.Release|Any CPU.Build.0 = Release|Any CPU
	EndGlobalSection
	GlobalSection(SolutionProperties) = preSolution
		HideSolutionNode = FALSE
	EndGlobalSection
	GlobalSection(ExtensibilityGlobals) = postSolution
		SolutionGuid = {AF63681C-8798-4EFD-A4E9-FF8FB85FBC1A}
	EndGlobalSection
EndGlobal
